
Microsoft Visual Studio Solution File, Format Version 12.00
# Visual Studio Version 16
VisualStudioVersion = 16.0.31129.286
MinimumVisualStudioVersion = 10.0.40219.1
Project("{FAE04EC0-301F-11D3-BF4B-00C04F79EFBC}") = "Циклы ТРПО 02.1", "Циклы ТРПО 02.1\Циклы ТРПО 02.1.csproj", "{338B3794-5F64-457D-BD9F-30CD119B0828}"
EndProject
Global
	GlobalSection(SolutionConfigurationPlatforms) = preSolution
		Debug|Any CPU = Debug|Any CPU
		Release|Any CPU = Release|Any CPU
	EndGlobalSection
	GlobalSection(ProjectConfigurationPlatforms) = postSolution
		{338B3794-5F64-457D-BD9F-30CD119B0828}.Debug|Any CPU.ActiveCfg = Debug|Any CPU
		{338B3794-5F64-457D-BD9F-30CD119B0828}.Debug|Any CPU.Build.0 = Debug|Any CPU
		{338B3794-5F64-457D-BD9F-30CD119B0828}.Release|Any CPU.ActiveCfg = Release|Any CPU
		{338B3794-5F64-457D-BD9F-30CD119B0828}.Release|Any CPU.Build.0 = Release|Any CPU
	EndGlobalSection
	GlobalSection(SolutionProperties) = preSolution
		HideSolutionNode = FALSE
	EndGlobalSection
	GlobalSection(ExtensibilityGlobals) = postSolution
		SolutionGuid = {FAF11A7F-66F8-414B-82FE-25BFD5F9E2E8}
	EndGlobalSection
EndGlobal
